# This file is automatically @generated by Cargo.
# It is not intended for manual editing.
[[package]]
name = "bitflags"
version = "1.2.1"
source = "registry+https://github.com/rust-lang/crates.io-index"

[[package]]
name = "csfml-audio-sys"
version = "0.5.0"
dependencies = [
 "csfml-system-sys 0.5.0",
 "sfml-build 0.3.0",
]

[[package]]
name = "csfml-graphics-sys"
version = "0.5.0"
dependencies = [
 "csfml-system-sys 0.5.0",
 "csfml-window-sys 0.5.0",
 "sfml-build 0.3.0",
]

[[package]]
name = "csfml-system-sys"
version = "0.5.0"
dependencies = [
 "sfml-build 0.3.0",
]

[[package]]
name = "csfml-window-sys"
version = "0.5.0"
dependencies = [
 "csfml-system-sys 0.5.0",
 "sfml-build 0.3.0",
]

[[package]]
name = "sfml"
version = "0.15.1"
dependencies = [
 "bitflags 1.2.1 (registry+https://github.com/rust-lang/crates.io-index)",
 "csfml-audio-sys 0.5.0",
 "csfml-graphics-sys 0.5.0",
 "csfml-system-sys 0.5.0",
 "csfml-window-sys 0.5.0",
 "widestring 0.4.0 (registry+https://github.com/rust-lang/crates.io-index)",
]

[[package]]
name = "sfml-build"
version = "0.3.0"

[[package]]
name = "tetris"
version = "0.1.0"
dependencies = [
 "sfml 0.15.1",
]

[[package]]
name = "widestring"
version = "0.4.0"
source = "registry+https://github.com/rust-lang/crates.io-index"

[metadata]
"checksum bitflags 1.2.1 (registry+https://github.com/rust-lang/crates.io-index)" = "cf1de2fe8c75bc145a2f577add951f8134889b4795d47466a54a5c846d691693"
"checksum widestring 0.4.0 (registry+https://github.com/rust-lang/crates.io-index)" = "effc0e4ff8085673ea7b9b2e3c73f6bd4d118810c9009ed8f1e16bd96c331db6"
